
Microsoft Visual Studio Solution File, Format Version 12.00
# Visual Studio Version 16
VisualStudioVersion = 16.0.30717.126
MinimumVisualStudioVersion = 10.0.40219.1
Project("{FAE04EC0-301F-11D3-BF4B-00C04F79EFBC}") = "Qurrent", "Qurrent.csproj", "{CBE7BE0D-6410-4FD5-A107-E3DEDA4363A3}"
EndProject
Global
	GlobalSection(SolutionConfigurationPlatforms) = preSolution
		Debug|Any CPU = Debug|Any CPU
		Release|Any CPU = Release|Any CPU
	EndGlobalSection
	GlobalSection(ProjectConfigurationPlatforms) = postSolution
		{CBE7BE0D-6410-4FD5-A107-E3DEDA4363A3}.Debug|Any CPU.ActiveCfg = Debug|Any CPU
		{CBE7BE0D-6410-4FD5-A107-E3DEDA4363A3}.Debug|Any CPU.Build.0 = Debug|Any CPU
		{CBE7BE0D-6410-4FD5-A107-E3DEDA4363A3}.Release|Any CPU.ActiveCfg = Release|Any CPU
		{CBE7BE0D-6410-4FD5-A107-E3DEDA4363A3}.Release|Any CPU.Build.0 = Release|Any CPU
	EndGlobalSection
	GlobalSection(SolutionProperties) = preSolution
		HideSolutionNode = FALSE
	EndGlobalSection
	GlobalSection(ExtensibilityGlobals) = postSolution
		SolutionGuid = {B35FA999-A787-419E-90A6-4F937B6C0C8E}
	EndGlobalSection
EndGlobal
